// !$*UTF8*$!
{
	archiveVersion = 1;
	classes = {
	};
	objectVersion = 56;
	objects = {

/* Begin PBXBuildFile section */
		EA06FAF92B247A280048821D /* ScienceForKidsView.swift in Sources */ = {isa = PBXBuildFile; fileRef = EA06FAF82B247A280048821D /* ScienceForKidsView.swift */; };
		EA06FAFB2B247A920048821D /* KidsContentView.swift in Sources */ = {isa = PBXBuildFile; fileRef = EA06FAFA2B247A920048821D /* KidsContentView.swift */; };
		EA06FAFD2B247B540048821D /* MainView.swift in Sources */ = {isa = PBXBuildFile; fileRef = EA06FAFC2B247B540048821D /* MainView.swift */; };
		EA06FAFF2B247CCD0048821D /* AudioPlayerManager.swift in Sources */ = {isa = PBXBuildFile; fileRef = EA06FAFE2B247CCD0048821D /* AudioPlayerManager.swift */; };
		EA06FB0F2B24879E0048821D /* Görme Duyusu.mp3 in Resources */ = {isa = PBXBuildFile; fileRef = EA06FB012B24879B0048821D /* Görme Duyusu.mp3 */; };
		EA06FB102B24879E0048821D /* Proteinler Nelerdir?.mp3 in Resources */ = {isa = PBXBuildFile; fileRef = EA06FB022B24879B0048821D /* Proteinler Nelerdir?.mp3 */; };
		EA06FB112B24879E0048821D /* Virüs Ve Bakteri Farklılıkları.mp3 in Resources */ = {isa = PBXBuildFile; fileRef = EA06FB032B24879B0048821D /* Virüs Ve Bakteri Farklılıkları.mp3 */; };
		EA06FB122B24879E0048821D /* Koku Alma Duyusu.mp3 in Resources */ = {isa = PBXBuildFile; fileRef = EA06FB042B24879B0048821D /* Koku Alma Duyusu.mp3 */; };
		EA06FB132B24879E0048821D /* Geometride Çevre Nedir?.mp3 in Resources */ = {isa = PBXBuildFile; fileRef = EA06FB052B24879C0048821D /* Geometride Çevre Nedir?.mp3 */; };
		EA06FB142B24879E0048821D /* Bakteri Nedir?.mp3 in Resources */ = {isa = PBXBuildFile; fileRef = EA06FB062B24879C0048821D /* Bakteri Nedir?.mp3 */; };
		EA06FB152B24879E0048821D /* Atmosfer - Dünyanın Katmanları.mp3 in Resources */ = {isa = PBXBuildFile; fileRef = EA06FB072B24879D0048821D /* Atmosfer - Dünyanın Katmanları.mp3 */; };
		EA06FB162B24879E0048821D /* Pi Sayısı (π).mp3 in Resources */ = {isa = PBXBuildFile; fileRef = EA06FB082B24879D0048821D /* Pi Sayısı (π).mp3 */; };
		EA06FB172B24879E0048821D /* Mikroorganizmalar Bakteriler Virüsler.mp3 in Resources */ = {isa = PBXBuildFile; fileRef = EA06FB092B24879D0048821D /* Mikroorganizmalar Bakteriler Virüsler.mp3 */; };
		EA06FB182B24879E0048821D /* Su Yaşam Alanları.mp3 in Resources */ = {isa = PBXBuildFile; fileRef = EA06FB0A2B24879D0048821D /* Su Yaşam Alanları.mp3 */; };
		EA06FB192B24879E0048821D /* Karbonhidratlar Nelerdir?.mp3 in Resources */ = {isa = PBXBuildFile; fileRef = EA06FB0B2B24879E0048821D /* Karbonhidratlar Nelerdir?.mp3 */; };
		EA06FB1A2B24879E0048821D /* Beyin Nedir ve Nasıl Çalışır?.mp3 in Resources */ = {isa = PBXBuildFile; fileRef = EA06FB0C2B24879E0048821D /* Beyin Nedir ve Nasıl Çalışır?.mp3 */; };
		EA06FB1B2B24879E0048821D /* Dokunma Duyusu.mp3 in Resources */ = {isa = PBXBuildFile; fileRef = EA06FB0D2B24879E0048821D /* Dokunma Duyusu.mp3 */; };
		EA06FB1C2B24879E0048821D /* Nasıl Tat Alırız?.mp3 in Resources */ = {isa = PBXBuildFile; fileRef = EA06FB0E2B24879E0048821D /* Nasıl Tat Alırız?.mp3 */; };
		EA1A3F9F2B3408A0007EA343 /* AudioPlayerView.swift in Sources */ = {isa = PBXBuildFile; fileRef = EA1A3F9E2B3408A0007EA343 /* AudioPlayerView.swift */; };
		EA79169E2B21FFF000ECCFE9 /* DailyScienceNewsApp.swift in Sources */ = {isa = PBXBuildFile; fileRef = EA79169D2B21FFF000ECCFE9 /* DailyScienceNewsApp.swift */; };
		EA7916A02B21FFF000ECCFE9 /* NewsView.swift in Sources */ = {isa = PBXBuildFile; fileRef = EA79169F2B21FFF000ECCFE9 /* NewsView.swift */; };
		EA7916A22B21FFF300ECCFE9 /* Assets.xcassets in Resources */ = {isa = PBXBuildFile; fileRef = EA7916A12B21FFF300ECCFE9 /* Assets.xcassets */; };
		EA7916A52B21FFF300ECCFE9 /* Preview Assets.xcassets in Resources */ = {isa = PBXBuildFile; fileRef = EA7916A42B21FFF300ECCFE9 /* Preview Assets.xcassets */; };
		EA7916AC2B22007200ECCFE9 /* NewsViewModel.swift in Sources */ = {isa = PBXBuildFile; fileRef = EA7916AB2B22007200ECCFE9 /* NewsViewModel.swift */; };
/* End PBXBuildFile section */

/* Begin PBXFileReference section */
		EA06FAF82B247A280048821D /* ScienceForKidsView.swift */ = {isa = PBXFileReference; lastKnownFileType = sourcecode.swift; path = ScienceForKidsView.swift; sourceTree = "<group>"; };
		EA06FAFA2B247A920048821D /* KidsContentView.swift */ = {isa = PBXFileReference; lastKnownFileType = sourcecode.swift; path = KidsContentView.swift; sourceTree = "<group>"; };
		EA06FAFC2B247B540048821D /* MainView.swift */ = {isa = PBXFileReference; lastKnownFileType = sourcecode.swift; path = MainView.swift; sourceTree = "<group>"; };
		EA06FAFE2B247CCD0048821D /* AudioPlayerManager.swift */ = {isa = PBXFileReference; lastKnownFileType = sourcecode.swift; path = AudioPlayerManager.swift; sourceTree = "<group>"; };
		EA06FB012B24879B0048821D /* Görme Duyusu.mp3 */ = {isa = PBXFileReference; lastKnownFileType = audio.mp3; path = "Görme Duyusu.mp3"; sourceTree = "<group>"; };
		EA06FB022B24879B0048821D /* Proteinler Nelerdir?.mp3 */ = {isa = PBXFileReference; lastKnownFileType = audio.mp3; path = "Proteinler Nelerdir?.mp3"; sourceTree = "<group>"; };
		EA06FB032B24879B0048821D /* Virüs Ve Bakteri Farklılıkları.mp3 */ = {isa = PBXFileReference; lastKnownFileType = audio.mp3; path = "Virüs Ve Bakteri Farklılıkları.mp3"; sourceTree = "<group>"; };
		EA06FB042B24879B0048821D /* Koku Alma Duyusu.mp3 */ = {isa = PBXFileReference; lastKnownFileType = audio.mp3; path = "Koku Alma Duyusu.mp3"; sourceTree = "<group>"; };
		EA06FB052B24879C0048821D /* Geometride Çevre Nedir?.mp3 */ = {isa = PBXFileReference; lastKnownFileType = audio.mp3; path = "Geometride Çevre Nedir?.mp3"; sourceTree = "<group>"; };
		EA06FB062B24879C0048821D /* Bakteri Nedir?.mp3 */ = {isa = PBXFileReference; lastKnownFileType = audio.mp3; path = "Bakteri Nedir?.mp3"; sourceTree = "<group>"; };
		EA06FB072B24879D0048821D /* Atmosfer - Dünyanın Katmanları.mp3 */ = {isa = PBXFileReference; lastKnownFileType = audio.mp3; path = "Atmosfer - Dünyanın Katmanları.mp3"; sourceTree = "<group>"; };
		EA06FB082B24879D0048821D /* Pi Sayısı (π).mp3 */ = {isa = PBXFileReference; lastKnownFileType = audio.mp3; path = "Pi Sayısı (π).mp3"; sourceTree = "<group>"; };
		EA06FB092B24879D0048821D /* Mikroorganizmalar Bakteriler Virüsler.mp3 */ = {isa = PBXFileReference; lastKnownFileType = audio.mp3; path = "Mikroorganizmalar Bakteriler Virüsler.mp3"; sourceTree = "<group>"; };
		EA06FB0A2B24879D0048821D /* Su Yaşam Alanları.mp3 */ = {isa = PBXFileReference; lastKnownFileType = audio.mp3; path = "Su Yaşam Alanları.mp3"; sourceTree = "<group>"; };
		EA06FB0B2B24879E0048821D /* Karbonhidratlar Nelerdir?.mp3 */ = {isa = PBXFileReference; lastKnownFileType = audio.mp3; path = "Karbonhidratlar Nelerdir?.mp3"; sourceTree = "<group>"; };
		EA06FB0C2B24879E0048821D /* Beyin Nedir ve Nasıl Çalışır?.mp3 */ = {isa = PBXFileReference; lastKnownFileType = audio.mp3; path = "Beyin Nedir ve Nasıl Çalışır?.mp3"; sourceTree = "<group>"; };
		EA06FB0D2B24879E0048821D /* Dokunma Duyusu.mp3 */ = {isa = PBXFileReference; lastKnownFileType = audio.mp3; path = "Dokunma Duyusu.mp3"; sourceTree = "<group>"; };
		EA06FB0E2B24879E0048821D /* Nasıl Tat Alırız?.mp3 */ = {isa = PBXFileReference; lastKnownFileType = audio.mp3; path = "Nasıl Tat Alırız?.mp3"; sourceTree = "<group>"; };
		EA1A3F9E2B3408A0007EA343 /* AudioPlayerView.swift */ = {isa = PBXFileReference; lastKnownFileType = sourcecode.swift; path = AudioPlayerView.swift; sourceTree = "<group>"; };
		EA79169A2B21FFF000ECCFE9 /* DailyScienceNews.app */ = {isa = PBXFileReference; explicitFileType = wrapper.application; includeInIndex = 0; path = DailyScienceNews.app; sourceTree = BUILT_PRODUCTS_DIR; };
		EA79169D2B21FFF000ECCFE9 /* DailyScienceNewsApp.swift */ = {isa = PBXFileReference; lastKnownFileType = sourcecode.swift; path = DailyScienceNewsApp.swift; sourceTree = "<group>"; };
		EA79169F2B21FFF000ECCFE9 /* NewsView.swift */ = {isa = PBXFileReference; lastKnownFileType = sourcecode.swift; path = NewsView.swift; sourceTree = "<group>"; };
		EA7916A12B21FFF300ECCFE9 /* Assets.xcassets */ = {isa = PBXFileReference; lastKnownFileType = folder.assetcatalog; path = Assets.xcassets; sourceTree = "<group>"; };
		EA7916A42B21FFF300ECCFE9 /* Preview Assets.xcassets */ = {isa = PBXFileReference; lastKnownFileType = folder.assetcatalog; path = "Preview Assets.xcassets"; sourceTree = "<group>"; };
		EA7916AB2B22007200ECCFE9 /* NewsViewModel.swift */ = {isa = PBXFileReference; lastKnownFileType = sourcecode.swift; path = NewsViewModel.swift; sourceTree = "<group>"; };
/* End PBXFileReference section */

/* Begin PBXFrameworksBuildPhase section */
		EA7916972B21FFF000ECCFE9 /* Frameworks */ = {
			isa = PBXFrameworksBuildPhase;
			buildActionMask = 2147483647;
			files = (
			);
			runOnlyForDeploymentPostprocessing = 0;
		};
/* End PBXFrameworksBuildPhase section */

/* Begin PBXGroup section */
		EA06FB002B24878B0048821D /* KidsContentSounds */ = {
			isa = PBXGroup;
			children = (
				EA06FB072B24879D0048821D /* Atmosfer - Dünyanın Katmanları.mp3 */,
				EA06FB062B24879C0048821D /* Bakteri Nedir?.mp3 */,
				EA06FB0C2B24879E0048821D /* Beyin Nedir ve Nasıl Çalışır?.mp3 */,
				EA06FB0D2B24879E0048821D /* Dokunma Duyusu.mp3 */,
				EA06FB052B24879C0048821D /* Geometride Çevre Nedir?.mp3 */,
				EA06FB012B24879B0048821D /* Görme Duyusu.mp3 */,
				EA06FB0B2B24879E0048821D /* Karbonhidratlar Nelerdir?.mp3 */,
				EA06FB042B24879B0048821D /* Koku Alma Duyusu.mp3 */,
				EA06FB092B24879D0048821D /* Mikroorganizmalar Bakteriler Virüsler.mp3 */,
				EA06FB0E2B24879E0048821D /* Nasıl Tat Alırız?.mp3 */,
				EA06FB082B24879D0048821D /* Pi Sayısı (π).mp3 */,
				EA06FB022B24879B0048821D /* Proteinler Nelerdir?.mp3 */,
				EA06FB0A2B24879D0048821D /* Su Yaşam Alanları.mp3 */,
				EA06FB032B24879B0048821D /* Virüs Ve Bakteri Farklılıkları.mp3 */,
			);
			path = KidsContentSounds;
			sourceTree = "<group>";
		};
		EA7916912B21FFF000ECCFE9 = {
			isa = PBXGroup;
			children = (
				EA79169C2B21FFF000ECCFE9 /* DailyScienceNews */,
				EA79169B2B21FFF000ECCFE9 /* Products */,
			);
			sourceTree = "<group>";
		};
		EA79169B2B21FFF000ECCFE9 /* Products */ = {
			isa = PBXGroup;
			children = (
				EA79169A2B21FFF000ECCFE9 /* DailyScienceNews.app */,
			);
			name = Products;
			sourceTree = "<group>";
		};
		EA79169C2B21FFF000ECCFE9 /* DailyScienceNews */ = {
			isa = PBXGroup;
			children = (
				EA79169D2B21FFF000ECCFE9 /* DailyScienceNewsApp.swift */,
				EA06FAFC2B247B540048821D /* MainView.swift */,
				EA79169F2B21FFF000ECCFE9 /* NewsView.swift */,
				EA7916AB2B22007200ECCFE9 /* NewsViewModel.swift */,
				EA06FAF82B247A280048821D /* ScienceForKidsView.swift */,
				EA06FAFA2B247A920048821D /* KidsContentView.swift */,
				EA1A3F9E2B3408A0007EA343 /* AudioPlayerView.swift */,
				EA06FAFE2B247CCD0048821D /* AudioPlayerManager.swift */,
				EA7916A12B21FFF300ECCFE9 /* Assets.xcassets */,
				EA06FB002B24878B0048821D /* KidsContentSounds */,
				EA7916A32B21FFF300ECCFE9 /* Preview Content */,
			);
			path = DailyScienceNews;
			sourceTree = "<group>";
		};
		EA7916A32B21FFF300ECCFE9 /* Preview Content */ = {
			isa = PBXGroup;
			children = (
				EA7916A42B21FFF300ECCFE9 /* Preview Assets.xcassets */,
			);
			path = "Preview Content";
			sourceTree = "<group>";
		};
/* End PBXGroup section */

/* Begin PBXNativeTarget section */
		EA7916992B21FFF000ECCFE9 /* DailyScienceNews */ = {
			isa = PBXNativeTarget;
			buildConfigurationList = EA7916A82B21FFF300ECCFE9 /* Build configuration list for PBXNativeTarget "DailyScienceNews" */;
			buildPhases = (
				EA7916962B21FFF000ECCFE9 /* Sources */,
				EA7916972B21FFF000ECCFE9 /* Frameworks */,
				EA7916982B21FFF000ECCFE9 /* Resources */,
			);
			buildRules = (
			);
			dependencies = (
			);
			name = DailyScienceNews;
			productName = DailyScienceNews;
			productReference = EA79169A2B21FFF000ECCFE9 /* DailyScienceNews.app */;
			productType = "com.apple.product-type.application";
		};
/* End PBXNativeTarget section */

/* Begin PBXProject section */
		EA7916922B21FFF000ECCFE9 /* Project object */ = {
			isa = PBXProject;
			attributes = {
				BuildIndependentTargetsInParallel = 1;
				LastSwiftUpdateCheck = 1430;
				LastUpgradeCheck = 1430;
				TargetAttributes = {
					EA7916992B21FFF000ECCFE9 = {
						CreatedOnToolsVersion = 14.3.1;
					};
				};
			};
			buildConfigurationList = EA7916952B21FFF000ECCFE9 /* Build configuration list for PBXProject "DailyScienceNews" */;
			compatibilityVersion = "Xcode 14.0";
			developmentRegion = en;
			hasScannedForEncodings = 0;
			knownRegions = (
				en,
				Base,
			);
			mainGroup = EA7916912B21FFF000ECCFE9;
			productRefGroup = EA79169B2B21FFF000ECCFE9 /* Products */;
			projectDirPath = "";
			projectRoot = "";
			targets = (
				EA7916992B21FFF000ECCFE9 /* DailyScienceNews */,
			);
		};
/* End PBXProject section */

/* Begin PBXResourcesBuildPhase section */
		EA7916982B21FFF000ECCFE9 /* Resources */ = {
			isa = PBXResourcesBuildPhase;
			buildActionMask = 2147483647;
			files = (
				EA06FB132B24879E0048821D /* Geometride Çevre Nedir?.mp3 in Resources */,
				EA06FB152B24879E0048821D /* Atmosfer - Dünyanın Katmanları.mp3 in Resources */,
				EA06FB182B24879E0048821D /* Su Yaşam Alanları.mp3 in Resources */,
				EA06FB0F2B24879E0048821D /* Görme Duyusu.mp3 in Resources */,
				EA06FB1A2B24879E0048821D /* Beyin Nedir ve Nasıl Çalışır?.mp3 in Resources */,
				EA06FB1C2B24879E0048821D /* Nasıl Tat Alırız?.mp3 in Resources */,
				EA06FB192B24879E0048821D /* Karbonhidratlar Nelerdir?.mp3 in Resources */,
				EA7916A52B21FFF300ECCFE9 /* Preview Assets.xcassets in Resources */,
				EA06FB172B24879E0048821D /* Mikroorganizmalar Bakteriler Virüsler.mp3 in Resources */,
				EA06FB142B24879E0048821D /* Bakteri Nedir?.mp3 in Resources */,
				EA06FB112B24879E0048821D /* Virüs Ve Bakteri Farklılıkları.mp3 in Resources */,
				EA06FB1B2B24879E0048821D /* Dokunma Duyusu.mp3 in Resources */,
				EA06FB102B24879E0048821D /* Proteinler Nelerdir?.mp3 in Resources */,
				EA06FB122B24879E0048821D /* Koku Alma Duyusu.mp3 in Resources */,
				EA7916A22B21FFF300ECCFE9 /* Assets.xcassets in Resources */,
				EA06FB162B24879E0048821D /* Pi Sayısı (π).mp3 in Resources */,
			);
			runOnlyForDeploymentPostprocessing = 0;
		};
/* End PBXResourcesBuildPhase section */

/* Begin PBXSourcesBuildPhase section */
		EA7916962B21FFF000ECCFE9 /* Sources */ = {
			isa = PBXSourcesBuildPhase;
			buildActionMask = 2147483647;
			files = (
				EA06FAFB2B247A920048821D /* KidsContentView.swift in Sources */,
				EA06FAFD2B247B540048821D /* MainView.swift in Sources */,
				EA1A3F9F2B3408A0007EA343 /* AudioPlayerView.swift in Sources */,
				EA7916A02B21FFF000ECCFE9 /* NewsView.swift in Sources */,
				EA7916AC2B22007200ECCFE9 /* NewsViewModel.swift in Sources */,
				EA06FAF92B247A280048821D /* ScienceForKidsView.swift in Sources */,
				EA06FAFF2B247CCD0048821D /* AudioPlayerManager.swift in Sources */,
				EA79169E2B21FFF000ECCFE9 /* DailyScienceNewsApp.swift in Sources */,
			);
			runOnlyForDeploymentPostprocessing = 0;
		};
/* End PBXSourcesBuildPhase section */

/* Begin XCBuildConfiguration section */
		EA7916A62B21FFF300ECCFE9 /* Debug */ = {
			isa = XCBuildConfiguration;
			buildSettings = {
				ALWAYS_SEARCH_USER_PATHS = NO;
				CLANG_ANALYZER_NONNULL = YES;
				CLANG_ANALYZER_NUMBER_OBJECT_CONVERSION = YES_AGGRESSIVE;
				CLANG_CXX_LANGUAGE_STANDARD = "gnu++20";
				CLANG_ENABLE_MODULES = YES;
				CLANG_ENABLE_OBJC_ARC = YES;
				CLANG_ENABLE_OBJC_WEAK = YES;
				CLANG_WARN_BLOCK_CAPTURE_AUTORELEASING = YES;
				CLANG_WARN_BOOL_CONVERSION = YES;
				CLANG_WARN_COMMA = YES;
				CLANG_WARN_CONSTANT_CONVERSION = YES;
				CLANG_WARN_DEPRECATED_OBJC_IMPLEMENTATIONS = YES;
				CLANG_WARN_DIRECT_OBJC_ISA_USAGE = YES_ERROR;
				CLANG_WARN_DOCUMENTATION_COMMENTS = YES;
				CLANG_WARN_EMPTY_BODY = YES;
				CLANG_WARN_ENUM_CONVERSION = YES;
				CLANG_WARN_INFINITE_RECURSION = YES;
				CLANG_WARN_INT_CONVERSION = YES;
				CLANG_WARN_NON_LITERAL_NULL_CONVERSION = YES;
				CLANG_WARN_OBJC_IMPLICIT_RETAIN_SELF = YES;
				CLANG_WARN_OBJC_LITERAL_CONVERSION = YES;
				CLANG_WARN_OBJC_ROOT_CLASS = YES_ERROR;
				CLANG_WARN_QUOTED_INCLUDE_IN_FRAMEWORK_HEADER = YES;
				CLANG_WARN_RANGE_LOOP_ANALYSIS = YES;
				CLANG_WARN_STRICT_PROTOTYPES = YES;
				CLANG_WARN_SUSPICIOUS_MOVE = YES;
				CLANG_WARN_UNGUARDED_AVAILABILITY = YES_AGGRESSIVE;
				CLANG_WARN_UNREACHABLE_CODE = YES;
				CLANG_WARN__DUPLICATE_METHOD_MATCH = YES;
				COPY_PHASE_STRIP = NO;
				DEBUG_INFORMATION_FORMAT = dwarf;
				ENABLE_STRICT_OBJC_MSGSEND = YES;
				ENABLE_TESTABILITY = YES;
				GCC_C_LANGUAGE_STANDARD = gnu11;
				GCC_DYNAMIC_NO_PIC = NO;
				GCC_NO_COMMON_BLOCKS = YES;
				GCC_OPTIMIZATION_LEVEL = 0;
				GCC_PREPROCESSOR_DEFINITIONS = (
					"DEBUG=1",
					"$(inherited)",
				);
				GCC_WARN_64_TO_32_BIT_CONVERSION = YES;
				GCC_WARN_ABOUT_RETURN_TYPE = YES_ERROR;
				GCC_WARN_UNDECLARED_SELECTOR = YES;
				GCC_WARN_UNINITIALIZED_AUTOS = YES_AGGRESSIVE;
				GCC_WARN_UNUSED_FUNCTION = YES;
				GCC_WARN_UNUSED_VARIABLE = YES;
				IPHONEOS_DEPLOYMENT_TARGET = 16.4;
				MTL_ENABLE_DEBUG_INFO = INCLUDE_SOURCE;
				MTL_FAST_MATH = YES;
				ONLY_ACTIVE_ARCH = YES;
				SDKROOT = iphoneos;
				SWIFT_ACTIVE_COMPILATION_CONDITIONS = DEBUG;
				SWIFT_OPTIMIZATION_LEVEL = "-Onone";
			};
			name = Debug;
		};
		EA7916A72B21FFF300ECCFE9 /* Release */ = {
			isa = XCBuildConfiguration;
			buildSettings = {
				ALWAYS_SEARCH_USER_PATHS = NO;
				CLANG_ANALYZER_NONNULL = YES;
				CLANG_ANALYZER_NUMBER_OBJECT_CONVERSION = YES_AGGRESSIVE;
				CLANG_CXX_LANGUAGE_STANDARD = "gnu++20";
				CLANG_ENABLE_MODULES = YES;
				CLANG_ENABLE_OBJC_ARC = YES;
				CLANG_ENABLE_OBJC_WEAK = YES;
				CLANG_WARN_BLOCK_CAPTURE_AUTORELEASING = YES;
				CLANG_WARN_BOOL_CONVERSION = YES;
				CLANG_WARN_COMMA = YES;
				CLANG_WARN_CONSTANT_CONVERSION = YES;
				CLANG_WARN_DEPRECATED_OBJC_IMPLEMENTATIONS = YES;
				CLANG_WARN_DIRECT_OBJC_ISA_USAGE = YES_ERROR;
				CLANG_WARN_DOCUMENTATION_COMMENTS = YES;
				CLANG_WARN_EMPTY_BODY = YES;
				CLANG_WARN_ENUM_CONVERSION = YES;
				CLANG_WARN_INFINITE_RECURSION = YES;
				CLANG_WARN_INT_CONVERSION = YES;
				CLANG_WARN_NON_LITERAL_NULL_CONVERSION = YES;
				CLANG_WARN_OBJC_IMPLICIT_RETAIN_SELF = YES;
				CLANG_WARN_OBJC_LITERAL_CONVERSION = YES;
				CLANG_WARN_OBJC_ROOT_CLASS = YES_ERROR;
				CLANG_WARN_QUOTED_INCLUDE_IN_FRAMEWORK_HEADER = YES;
				CLANG_WARN_RANGE_LOOP_ANALYSIS = YES;
				CLANG_WARN_STRICT_PROTOTYPES = YES;
				CLANG_WARN_SUSPICIOUS_MOVE = YES;
				CLANG_WARN_UNGUARDED_AVAILABILITY = YES_AGGRESSIVE;
				CLANG_WARN_UNREACHABLE_CODE = YES;
				CLANG_WARN__DUPLICATE_METHOD_MATCH = YES;
				COPY_PHASE_STRIP = NO;
				DEBUG_INFORMATION_FORMAT = "dwarf-with-dsym";
				ENABLE_NS_ASSERTIONS = NO;
				ENABLE_STRICT_OBJC_MSGSEND = YES;
				GCC_C_LANGUAGE_STANDARD = gnu11;
				GCC_NO_COMMON_BLOCKS = YES;
				GCC_WARN_64_TO_32_BIT_CONVERSION = YES;
				GCC_WARN_ABOUT_RETURN_TYPE = YES_ERROR;
				GCC_WARN_UNDECLARED_SELECTOR = YES;
				GCC_WARN_UNINITIALIZED_AUTOS = YES_AGGRESSIVE;
				GCC_WARN_UNUSED_FUNCTION = YES;
				GCC_WARN_UNUSED_VARIABLE = YES;
				IPHONEOS_DEPLOYMENT_TARGET = 16.4;
				MTL_ENABLE_DEBUG_INFO = NO;
				MTL_FAST_MATH = YES;
				SDKROOT = iphoneos;
				SWIFT_COMPILATION_MODE = wholemodule;
				SWIFT_OPTIMIZATION_LEVEL = "-O";
				VALIDATE_PRODUCT = YES;
			};
			name = Release;
		};
		EA7916A92B21FFF300ECCFE9 /* Debug */ = {
			isa = XCBuildConfiguration;
			buildSettings = {
				ASSETCATALOG_COMPILER_APPICON_NAME = AppIcon;
				ASSETCATALOG_COMPILER_GLOBAL_ACCENT_COLOR_NAME = AccentColor;
				CODE_SIGN_STYLE = Automatic;
				CURRENT_PROJECT_VERSION = 1;
				DEVELOPMENT_ASSET_PATHS = "\"DailyScienceNews/Preview Content\"";
				DEVELOPMENT_TEAM = 899LNTN484;
				ENABLE_PREVIEWS = YES;
				GENERATE_INFOPLIST_FILE = YES;
				INFOPLIST_KEY_LSApplicationCategoryType = "public.app-category.lifestyle";
				INFOPLIST_KEY_UIApplicationSceneManifest_Generation = YES;
				INFOPLIST_KEY_UIApplicationSupportsIndirectInputEvents = YES;
				INFOPLIST_KEY_UILaunchScreen_Generation = YES;
				INFOPLIST_KEY_UIRequiresFullScreen = YES;
				INFOPLIST_KEY_UISupportedInterfaceOrientations = "UIInterfaceOrientationLandscapeLeft UIInterfaceOrientationLandscapeRight UIInterfaceOrientationPortrait";
				IPHONEOS_DEPLOYMENT_TARGET = 15.4;
				LD_RUNPATH_SEARCH_PATHS = (
					"$(inherited)",
					"@executable_path/Frameworks",
				);
				MARKETING_VERSION = 1.1;
				PRODUCT_BUNDLE_IDENTIFIER = beratridvanasilturk.DailyScienceNews;
				PRODUCT_NAME = "$(TARGET_NAME)";
				SWIFT_EMIT_LOC_STRINGS = YES;
				SWIFT_VERSION = 5.0;
				TARGETED_DEVICE_FAMILY = "1,2";
			};
			name = Debug;
		};
		EA7916AA2B21FFF300ECCFE9 /* Release */ = {
			isa = XCBuildConfiguration;
			buildSettings = {
				ASSETCATALOG_COMPILER_APPICON_NAME = AppIcon;
				ASSETCATALOG_COMPILER_GLOBAL_ACCENT_COLOR_NAME = AccentColor;
				CODE_SIGN_STYLE = Automatic;
				CURRENT_PROJECT_VERSION = 1;
				DEVELOPMENT_ASSET_PATHS = "\"DailyScienceNews/Preview Content\"";
				DEVELOPMENT_TEAM = 899LNTN484;
				ENABLE_PREVIEWS = YES;
				GENERATE_INFOPLIST_FILE = YES;
				INFOPLIST_KEY_LSApplicationCategoryType = "public.app-category.lifestyle";
				INFOPLIST_KEY_UIApplicationSceneManifest_Generation = YES;
				INFOPLIST_KEY_UIApplicationSupportsIndirectInputEvents = YES;
				INFOPLIST_KEY_UILaunchScreen_Generation = YES;
				INFOPLIST_KEY_UIRequiresFullScreen = YES;
				INFOPLIST_KEY_UISupportedInterfaceOrientations = "UIInterfaceOrientationLandscapeLeft UIInterfaceOrientationLandscapeRight UIInterfaceOrientationPortrait";
				IPHONEOS_DEPLOYMENT_TARGET = 15.4;
				LD_RUNPATH_SEARCH_PATHS = (
					"$(inherited)",
					"@executable_path/Frameworks",
				);
				MARKETING_VERSION = 1.1;
				PRODUCT_BUNDLE_IDENTIFIER = beratridvanasilturk.DailyScienceNews;
				PRODUCT_NAME = "$(TARGET_NAME)";
				SWIFT_EMIT_LOC_STRINGS = YES;
				SWIFT_VERSION = 5.0;
				TARGETED_DEVICE_FAMILY = "1,2";
			};
			name = Release;
		};
/* End XCBuildConfiguration section */

/* Begin XCConfigurationList section */
		EA7916952B21FFF000ECCFE9 /* Build configuration list for PBXProject "DailyScienceNews" */ = {
			isa = XCConfigurationList;
			buildConfigurations = (
				EA7916A62B21FFF300ECCFE9 /* Debug */,
				EA7916A72B21FFF300ECCFE9 /* Release */,
			);
			defaultConfigurationIsVisible = 0;
			defaultConfigurationName = Release;
		};
		EA7916A82B21FFF300ECCFE9 /* Build configuration list for PBXNativeTarget "DailyScienceNews" */ = {
			isa = XCConfigurationList;
			buildConfigurations = (
				EA7916A92B21FFF300ECCFE9 /* Debug */,
				EA7916AA2B21FFF300ECCFE9 /* Release */,
			);
			defaultConfigurationIsVisible = 0;
			defaultConfigurationName = Release;
		};
/* End XCConfigurationList section */
	};
	rootObject = EA7916922B21FFF000ECCFE9 /* Project object */;
}
